{
    "_meta": {
        "hash": {
            "sha256": "a28396ef55e4066cd0c3523de37e85fe333d6da31fe6924afe8007efbc626165"
        },
        "pipfile-spec": 6,
        "requires": {
            "python_version": "3.11"
        },
        "sources": [
            {
                "name": "pypi",
                "url": "https://pypi.org/simple",
                "verify_ssl": true
            }
        ]
    },
    "default": {
        "astral": {
            "hashes": [
                "sha256:9b7c3b412e9e69d172cfb24be0e6addcc9f1bd01a28db8bebe66d75ccc533d88",
                "sha256:cb7b49a3f0d4c64ae666be131276d2a3226134c598db10e672028cf8ff855f83"
            ],
            "index": "pypi",
            "version": "==3.2"
        }
    },
    "develop": {}
}
